
Microsoft Visual Studio Solution File, Format Version 12.00
# Visual Studio Version 16
VisualStudioVersion = 16.0.31702.278
MinimumVisualStudioVersion = 10.0.40219.1
Project("{2150E333-8FDC-42A3-9474-1A3956D46DE8}") = "2.Application", "2.Application", "{8B29AE84-D494-4E79-9C0B-69B22896D16D}"
EndProject
Project("{2150E333-8FDC-42A3-9474-1A3956D46DE8}") = "3.Domain", "3.Domain", "{11CE9F95-F746-4870-AF98-609F76620FBA}"
EndProject
Project("{2150E333-8FDC-42A3-9474-1A3956D46DE8}") = "4.Infrastructure", "4.Infrastructure", "{B7B00680-384F-4B73-BBAF-5DDD9310DA77}"
EndProject
Project("{2150E333-8FDC-42A3-9474-1A3956D46DE8}") = "5.Test", "5.Test", "{4DBA489C-33AD-4EE5-9CCB-D142C8C533E6}"
EndProject
Project("{FAE04EC0-301F-11D3-BF4B-00C04F79EFBC}") = "ShopM2.WebApi", "ShopM2.WebApi\ShopM2.WebApi.csproj", "{B84D3677-EC7F-4382-B666-E393109483B7}"
EndProject
Project("{FAE04EC0-301F-11D3-BF4B-00C04F79EFBC}") = "ShopM2.Core", "ShopM2.Core\ShopM2.Core.csproj", "{F2D62A94-6522-4D87-BAAC-A556278374CD}"
EndProject
Project("{FAE04EC0-301F-11D3-BF4B-00C04F79EFBC}") = "ShopM2.Infrastructure", "ShopM2.Infrastructure\ShopM2.Infrastructure.csproj", "{CA8C0013-0D5D-433A-B8FC-BAC32CA2F0D0}"
EndProject
Project("{2150E333-8FDC-42A3-9474-1A3956D46DE8}") = "1.DB", "1.DB", "{C463659D-1486-41B4-AFF2-EFAE81912A30}"
EndProject
Project("{00D1A9C2-B5F0-4AF3-8072-F6C62B433612}") = "ShopM2.DB", "ShopM2.DB\ShopM2.DB.sqlproj", "{2128CC60-FCD1-4575-8AA8-E68DF5AACB0E}"
EndProject
Project("{FAE04EC0-301F-11D3-BF4B-00C04F79EFBC}") = "ShopM2.Util", "ShopM2.Util\ShopM2.Util.csproj", "{D003F79E-8EDC-4B90-8508-EE7029208A81}"
EndProject
Project("{FAE04EC0-301F-11D3-BF4B-00C04F79EFBC}") = "PlacetoPay.Integrations.Library.CSharp", "PlacetoPay.Integrations.Library.CSharp\PlacetoPay.Integrations.Library.CSharp.csproj", "{0CCAADBE-2E86-46EF-A9BE-0DA13A93CE25}"
EndProject
Project("{FAE04EC0-301F-11D3-BF4B-00C04F79EFBC}") = "ShopM2.PlaceToPay", "ShopM2.PlaceToPay\ShopM2.PlaceToPay.csproj", "{6E1F062B-DD8F-4A36-9796-821438B71424}"
EndProject
Project("{FAE04EC0-301F-11D3-BF4B-00C04F79EFBC}") = "ShopM2.WebApi.Test", "ShopM2.WebApi.Test\ShopM2.WebApi.Test.csproj", "{BA83519E-CB7C-4CFC-8E43-403F9F204D88}"
EndProject
Global
	GlobalSection(SolutionConfigurationPlatforms) = preSolution
		Debug|Any CPU = Debug|Any CPU
		Debug|x64 = Debug|x64
		Debug|x86 = Debug|x86
		Release|Any CPU = Release|Any CPU
		Release|x64 = Release|x64
		Release|x86 = Release|x86
	EndGlobalSection
	GlobalSection(ProjectConfigurationPlatforms) = postSolution
		{B84D3677-EC7F-4382-B666-E393109483B7}.Debug|Any CPU.ActiveCfg = Debug|Any CPU
		{B84D3677-EC7F-4382-B666-E393109483B7}.Debug|Any CPU.Build.0 = Debug|Any CPU
		{B84D3677-EC7F-4382-B666-E393109483B7}.Debug|x64.ActiveCfg = Debug|x64
		{B84D3677-EC7F-4382-B666-E393109483B7}.Debug|x64.Build.0 = Debug|x64
		{B84D3677-EC7F-4382-B666-E393109483B7}.Debug|x86.ActiveCfg = Debug|x86
		{B84D3677-EC7F-4382-B666-E393109483B7}.Debug|x86.Build.0 = Debug|x86
		{B84D3677-EC7F-4382-B666-E393109483B7}.Release|Any CPU.ActiveCfg = Release|Any CPU
		{B84D3677-EC7F-4382-B666-E393109483B7}.Release|Any CPU.Build.0 = Release|Any CPU
		{B84D3677-EC7F-4382-B666-E393109483B7}.Release|x64.ActiveCfg = Release|x64
		{B84D3677-EC7F-4382-B666-E393109483B7}.Release|x64.Build.0 = Release|x64
		{B84D3677-EC7F-4382-B666-E393109483B7}.Release|x86.ActiveCfg = Release|x86
		{B84D3677-EC7F-4382-B666-E393109483B7}.Release|x86.Build.0 = Release|x86
		{F2D62A94-6522-4D87-BAAC-A556278374CD}.Debug|Any CPU.ActiveCfg = Debug|Any CPU
		{F2D62A94-6522-4D87-BAAC-A556278374CD}.Debug|Any CPU.Build.0 = Debug|Any CPU
		{F2D62A94-6522-4D87-BAAC-A556278374CD}.Debug|x64.ActiveCfg = Debug|x64
		{F2D62A94-6522-4D87-BAAC-A556278374CD}.Debug|x64.Build.0 = Debug|x64
		{F2D62A94-6522-4D87-BAAC-A556278374CD}.Debug|x86.ActiveCfg = Debug|x86
		{F2D62A94-6522-4D87-BAAC-A556278374CD}.Debug|x86.Build.0 = Debug|x86
		{F2D62A94-6522-4D87-BAAC-A556278374CD}.Release|Any CPU.ActiveCfg = Release|Any CPU
		{F2D62A94-6522-4D87-BAAC-A556278374CD}.Release|Any CPU.Build.0 = Release|Any CPU
		{F2D62A94-6522-4D87-BAAC-A556278374CD}.Release|x64.ActiveCfg = Release|x64
		{F2D62A94-6522-4D87-BAAC-A556278374CD}.Release|x64.Build.0 = Release|x64
		{F2D62A94-6522-4D87-BAAC-A556278374CD}.Release|x86.ActiveCfg = Release|x86
		{F2D62A94-6522-4D87-BAAC-A556278374CD}.Release|x86.Build.0 = Release|x86
		{CA8C0013-0D5D-433A-B8FC-BAC32CA2F0D0}.Debug|Any CPU.ActiveCfg = Debug|Any CPU
		{CA8C0013-0D5D-433A-B8FC-BAC32CA2F0D0}.Debug|Any CPU.Build.0 = Debug|Any CPU
		{CA8C0013-0D5D-433A-B8FC-BAC32CA2F0D0}.Debug|x64.ActiveCfg = Debug|x64
		{CA8C0013-0D5D-433A-B8FC-BAC32CA2F0D0}.Debug|x64.Build.0 = Debug|x64
		{CA8C0013-0D5D-433A-B8FC-BAC32CA2F0D0}.Debug|x86.ActiveCfg = Debug|x86
		{CA8C0013-0D5D-433A-B8FC-BAC32CA2F0D0}.Debug|x86.Build.0 = Debug|x86
		{CA8C0013-0D5D-433A-B8FC-BAC32CA2F0D0}.Release|Any CPU.ActiveCfg = Release|Any CPU
		{CA8C0013-0D5D-433A-B8FC-BAC32CA2F0D0}.Release|Any CPU.Build.0 = Release|Any CPU
		{CA8C0013-0D5D-433A-B8FC-BAC32CA2F0D0}.Release|x64.ActiveCfg = Release|x64
		{CA8C0013-0D5D-433A-B8FC-BAC32CA2F0D0}.Release|x64.Build.0 = Release|x64
		{CA8C0013-0D5D-433A-B8FC-BAC32CA2F0D0}.Release|x86.ActiveCfg = Release|x86
		{CA8C0013-0D5D-433A-B8FC-BAC32CA2F0D0}.Release|x86.Build.0 = Release|x86
		{2128CC60-FCD1-4575-8AA8-E68DF5AACB0E}.Debug|Any CPU.ActiveCfg = Debug|Any CPU
		{2128CC60-FCD1-4575-8AA8-E68DF5AACB0E}.Debug|Any CPU.Build.0 = Debug|Any CPU
		{2128CC60-FCD1-4575-8AA8-E68DF5AACB0E}.Debug|Any CPU.Deploy.0 = Debug|Any CPU
		{2128CC60-FCD1-4575-8AA8-E68DF5AACB0E}.Debug|x64.ActiveCfg = Debug|x64
		{2128CC60-FCD1-4575-8AA8-E68DF5AACB0E}.Debug|x64.Build.0 = Debug|x64
		{2128CC60-FCD1-4575-8AA8-E68DF5AACB0E}.Debug|x64.Deploy.0 = Debug|x64
		{2128CC60-FCD1-4575-8AA8-E68DF5AACB0E}.Debug|x86.ActiveCfg = Debug|x86
		{2128CC60-FCD1-4575-8AA8-E68DF5AACB0E}.Debug|x86.Build.0 = Debug|x86
		{2128CC60-FCD1-4575-8AA8-E68DF5AACB0E}.Debug|x86.Deploy.0 = Debug|x86
		{2128CC60-FCD1-4575-8AA8-E68DF5AACB0E}.Release|Any CPU.ActiveCfg = Release|Any CPU
		{2128CC60-FCD1-4575-8AA8-E68DF5AACB0E}.Release|Any CPU.Build.0 = Release|Any CPU
		{2128CC60-FCD1-4575-8AA8-E68DF5AACB0E}.Release|Any CPU.Deploy.0 = Release|Any CPU
		{2128CC60-FCD1-4575-8AA8-E68DF5AACB0E}.Release|x64.ActiveCfg = Release|x64
		{2128CC60-FCD1-4575-8AA8-E68DF5AACB0E}.Release|x64.Build.0 = Release|x64
		{2128CC60-FCD1-4575-8AA8-E68DF5AACB0E}.Release|x64.Deploy.0 = Release|x64
		{2128CC60-FCD1-4575-8AA8-E68DF5AACB0E}.Release|x86.ActiveCfg = Release|x86
		{2128CC60-FCD1-4575-8AA8-E68DF5AACB0E}.Release|x86.Build.0 = Release|x86
		{2128CC60-FCD1-4575-8AA8-E68DF5AACB0E}.Release|x86.Deploy.0 = Release|x86
		{D003F79E-8EDC-4B90-8508-EE7029208A81}.Debug|Any CPU.ActiveCfg = Debug|Any CPU
		{D003F79E-8EDC-4B90-8508-EE7029208A81}.Debug|Any CPU.Build.0 = Debug|Any CPU
		{D003F79E-8EDC-4B90-8508-EE7029208A81}.Debug|x64.ActiveCfg = Debug|x64
		{D003F79E-8EDC-4B90-8508-EE7029208A81}.Debug|x64.Build.0 = Debug|x64
		{D003F79E-8EDC-4B90-8508-EE7029208A81}.Debug|x86.ActiveCfg = Debug|x86
		{D003F79E-8EDC-4B90-8508-EE7029208A81}.Debug|x86.Build.0 = Debug|x86
		{D003F79E-8EDC-4B90-8508-EE7029208A81}.Release|Any CPU.ActiveCfg = Release|Any CPU
		{D003F79E-8EDC-4B90-8508-EE7029208A81}.Release|Any CPU.Build.0 = Release|Any CPU
		{D003F79E-8EDC-4B90-8508-EE7029208A81}.Release|x64.ActiveCfg = Release|x64
		{D003F79E-8EDC-4B90-8508-EE7029208A81}.Release|x64.Build.0 = Release|x64
		{D003F79E-8EDC-4B90-8508-EE7029208A81}.Release|x86.ActiveCfg = Release|x86
		{D003F79E-8EDC-4B90-8508-EE7029208A81}.Release|x86.Build.0 = Release|x86
		{0CCAADBE-2E86-46EF-A9BE-0DA13A93CE25}.Debug|Any CPU.ActiveCfg = Debug|Any CPU
		{0CCAADBE-2E86-46EF-A9BE-0DA13A93CE25}.Debug|Any CPU.Build.0 = Debug|Any CPU
		{0CCAADBE-2E86-46EF-A9BE-0DA13A93CE25}.Debug|x64.ActiveCfg = Debug|x64
		{0CCAADBE-2E86-46EF-A9BE-0DA13A93CE25}.Debug|x64.Build.0 = Debug|x64
		{0CCAADBE-2E86-46EF-A9BE-0DA13A93CE25}.Debug|x86.ActiveCfg = Debug|x86
		{0CCAADBE-2E86-46EF-A9BE-0DA13A93CE25}.Debug|x86.Build.0 = Debug|x86
		{0CCAADBE-2E86-46EF-A9BE-0DA13A93CE25}.Release|Any CPU.ActiveCfg = Release|Any CPU
		{0CCAADBE-2E86-46EF-A9BE-0DA13A93CE25}.Release|Any CPU.Build.0 = Release|Any CPU
		{0CCAADBE-2E86-46EF-A9BE-0DA13A93CE25}.Release|x64.ActiveCfg = Release|x64
		{0CCAADBE-2E86-46EF-A9BE-0DA13A93CE25}.Release|x64.Build.0 = Release|x64
		{0CCAADBE-2E86-46EF-A9BE-0DA13A93CE25}.Release|x86.ActiveCfg = Release|x86
		{0CCAADBE-2E86-46EF-A9BE-0DA13A93CE25}.Release|x86.Build.0 = Release|x86
		{6E1F062B-DD8F-4A36-9796-821438B71424}.Debug|Any CPU.ActiveCfg = Debug|Any CPU
		{6E1F062B-DD8F-4A36-9796-821438B71424}.Debug|Any CPU.Build.0 = Debug|Any CPU
		{6E1F062B-DD8F-4A36-9796-821438B71424}.Debug|x64.ActiveCfg = Debug|x64
		{6E1F062B-DD8F-4A36-9796-821438B71424}.Debug|x64.Build.0 = Debug|x64
		{6E1F062B-DD8F-4A36-9796-821438B71424}.Debug|x86.ActiveCfg = Debug|x86
		{6E1F062B-DD8F-4A36-9796-821438B71424}.Debug|x86.Build.0 = Debug|x86
		{6E1F062B-DD8F-4A36-9796-821438B71424}.Release|Any CPU.ActiveCfg = Release|Any CPU
		{6E1F062B-DD8F-4A36-9796-821438B71424}.Release|Any CPU.Build.0 = Release|Any CPU
		{6E1F062B-DD8F-4A36-9796-821438B71424}.Release|x64.ActiveCfg = Release|x64
		{6E1F062B-DD8F-4A36-9796-821438B71424}.Release|x64.Build.0 = Release|x64
		{6E1F062B-DD8F-4A36-9796-821438B71424}.Release|x86.ActiveCfg = Release|x86
		{6E1F062B-DD8F-4A36-9796-821438B71424}.Release|x86.Build.0 = Release|x86
		{BA83519E-CB7C-4CFC-8E43-403F9F204D88}.Debug|Any CPU.ActiveCfg = Debug|Any CPU
		{BA83519E-CB7C-4CFC-8E43-403F9F204D88}.Debug|Any CPU.Build.0 = Debug|Any CPU
		{BA83519E-CB7C-4CFC-8E43-403F9F204D88}.Debug|x64.ActiveCfg = Debug|x64
		{BA83519E-CB7C-4CFC-8E43-403F9F204D88}.Debug|x64.Build.0 = Debug|x64
		{BA83519E-CB7C-4CFC-8E43-403F9F204D88}.Debug|x86.ActiveCfg = Debug|x86
		{BA83519E-CB7C-4CFC-8E43-403F9F204D88}.Debug|x86.Build.0 = Debug|x86
		{BA83519E-CB7C-4CFC-8E43-403F9F204D88}.Release|Any CPU.ActiveCfg = Release|Any CPU
		{BA83519E-CB7C-4CFC-8E43-403F9F204D88}.Release|Any CPU.Build.0 = Release|Any CPU
		{BA83519E-CB7C-4CFC-8E43-403F9F204D88}.Release|x64.ActiveCfg = Release|x64
		{BA83519E-CB7C-4CFC-8E43-403F9F204D88}.Release|x64.Build.0 = Release|x64
		{BA83519E-CB7C-4CFC-8E43-403F9F204D88}.Release|x86.ActiveCfg = Release|x86
		{BA83519E-CB7C-4CFC-8E43-403F9F204D88}.Release|x86.Build.0 = Release|x86
	EndGlobalSection
	GlobalSection(SolutionProperties) = preSolution
		HideSolutionNode = FALSE
	EndGlobalSection
	GlobalSection(NestedProjects) = preSolution
		{B84D3677-EC7F-4382-B666-E393109483B7} = {8B29AE84-D494-4E79-9C0B-69B22896D16D}
		{F2D62A94-6522-4D87-BAAC-A556278374CD} = {11CE9F95-F746-4870-AF98-609F76620FBA}
		{CA8C0013-0D5D-433A-B8FC-BAC32CA2F0D0} = {B7B00680-384F-4B73-BBAF-5DDD9310DA77}
		{2128CC60-FCD1-4575-8AA8-E68DF5AACB0E} = {C463659D-1486-41B4-AFF2-EFAE81912A30}
		{D003F79E-8EDC-4B90-8508-EE7029208A81} = {B7B00680-384F-4B73-BBAF-5DDD9310DA77}
		{0CCAADBE-2E86-46EF-A9BE-0DA13A93CE25} = {B7B00680-384F-4B73-BBAF-5DDD9310DA77}
		{6E1F062B-DD8F-4A36-9796-821438B71424} = {B7B00680-384F-4B73-BBAF-5DDD9310DA77}
		{BA83519E-CB7C-4CFC-8E43-403F9F204D88} = {4DBA489C-33AD-4EE5-9CCB-D142C8C533E6}
	EndGlobalSection
	GlobalSection(ExtensibilityGlobals) = postSolution
		SolutionGuid = {A837ED89-3E3F-4459-9A97-19C9D87F59AC}
	EndGlobalSection
EndGlobal
